
Microsoft Visual Studio Solution File, Format Version 12.00
# Visual Studio Version 17
VisualStudioVersion = 17.8.34511.84
MinimumVisualStudioVersion = 10.0.40219.1
Project("{FAE04EC0-301F-11D3-BF4B-00C04F79EFBC}") = "nancet-spacerace", "nancet-spacerace\nancet-spacerace.csproj", "{65018141-9FDC-4472-BE34-88359F492DC1}"
EndProject
Global
	GlobalSection(SolutionConfigurationPlatforms) = preSolution
		Debug|Any CPU = Debug|Any CPU
		Release|Any CPU = Release|Any CPU
	EndGlobalSection
	GlobalSection(ProjectConfigurationPlatforms) = postSolution
		{65018141-9FDC-4472-BE34-88359F492DC1}.Debug|Any CPU.ActiveCfg = Debug|Any CPU
		{65018141-9FDC-4472-BE34-88359F492DC1}.Debug|Any CPU.Build.0 = Debug|Any CPU
		{65018141-9FDC-4472-BE34-88359F492DC1}.Release|Any CPU.ActiveCfg = Release|Any CPU
		{65018141-9FDC-4472-BE34-88359F492DC1}.Release|Any CPU.Build.0 = Release|Any CPU
	EndGlobalSection
	GlobalSection(SolutionProperties) = preSolution
		HideSolutionNode = FALSE
	EndGlobalSection
	GlobalSection(ExtensibilityGlobals) = postSolution
		SolutionGuid = {A5B2D130-2B05-4308-9C29-C44E4027B036}
	EndGlobalSection
EndGlobal
